PODS:
  - Alamofire (5.4.0)
  - TelenavEntitySDK (0.1.0):
    - Alamofire (~> 5.2)

DEPENDENCIES:
  - TelenavEntitySDK (from `../`)

SPEC REPOS:
  trunk:
    - Alamofire

EXTERNAL SOURCES:
  TelenavEntitySDK:
    :path: "../"

SPEC CHECKSUMS:
  Alamofire: 3b6a534a3df22db367e4dedeeca73d1ddfcf0e2f
  TelenavEntitySDK: 3404420395ff9597386fe1493455121086508487

PODFILE CHECKSUM: 86c789a0b04257deccf4293f766742690b4dd1c5

COCOAPODS: 1.10.0
