PODS:
  - Alamofire (5.4.0)
  - TelenavEntitySDK (0.1.9):
    - Alamofire (~> 5.2)

DEPENDENCIES:
  - TelenavEntitySDK (~> 0.1.9)

SPEC REPOS:
  https://telenav.jfrog.io/artifactory/api/pods/telenav-cocoapods:
    - TelenavEntitySDK
  trunk:
    - Alamofire

SPEC CHECKSUMS:
  Alamofire: 3b6a534a3df22db367e4dedeeca73d1ddfcf0e2f
  TelenavEntitySDK: 1c326c16514d0f22b17f175667e0436bd5868a96

PODFILE CHECKSUM: d607aa01d5490646c3f52f9e6b260ce239a081a9

COCOAPODS: 1.10.0
